# This file is autogenerated, do not edit; changes may be undone by the next 'dep ensure'.


[[projects]]
  name = "github.com/philhofer/fwd"
  packages = ["."]
  revision = "bb6d471dc95d4fe11e432687f8b70ff496cf3136"
  version = "v1.0.0"

[[projects]]
  name = "github.com/tinylib/msgp"
  packages = ["msgp"]
  revision = "b2b6a672cf1e5b90748f79b8b81fc8c5cf0571a1"
  version = "1.0.2"

[[projects]]
  branch = "master"
  name = "golang.org/x/sys"
  packages = ["windows"]
  revision = "1b2967e3c290b7c545b3db0deeda16e9be4f98a2"

[[projects]]
  name = "gopkg.in/DataDog/dd-trace-go.v1"
  packages = ["contrib/internal/httputil","contrib/net/http","ddtrace","ddtrace/ext","ddtrace/internal","ddtrace/tracer"]
  revision = "d052956664af54dbcff2712d10c67c76fbfc299f"
  version = "v1.0.0"

[[projects]]
  name = "gopkg.in/alexcesaro/statsd.v2"
  packages = ["."]
  revision = "7fea3f0d2fab1ad973e641e51dba45443a311a90"
  version = "v2.0.0"

[solve-meta]
  analyzer-name = "dep"
  analyzer-version = 1
  inputs-digest = "4480f0f877f71c55468c1efa2338048a746d0f2c72bd0d2db4d966559c56d149"
  solver-name = "gps-cdcl"
  solver-version = 1
